
Microsoft Visual Studio Solution File, Format Version 12.00
# Visual Studio 2012
Project("{FAE04EC0-301F-11D3-BF4B-00C04F79EFBC}") = "SampleSQLite", "SampleSQLite\SampleSQLite.csproj", "{BDBC871E-34B6-4382-8BD2-F1B5BED8C021}"
EndProject
Project("{FAE04EC0-301F-11D3-BF4B-00C04F79EFBC}") = "SampleSQLite.iOS", "iOS\SampleSQLite.iOS.csproj", "{A3CB7EA6-CDFE-46B0-A4AE-BF76EEEC77B7}"
EndProject
Project("{FAE04EC0-301F-11D3-BF4B-00C04F79EFBC}") = "SampleSQLite.Droid", "Droid\SampleSQLite.Droid.csproj", "{01A7B048-289D-4D57-BABF-78B4FF419250}"
EndProject
Global
	GlobalSection(SolutionConfigurationPlatforms) = preSolution
		Debug|Any CPU = Debug|Any CPU
		Release|Any CPU = Release|Any CPU
		Debug|iPhoneSimulator = Debug|iPhoneSimulator
		Release|iPhone = Release|iPhone
		Release|iPhoneSimulator = Release|iPhoneSimulator
		Debug|iPhone = Debug|iPhone
	EndGlobalSection
	GlobalSection(ProjectConfigurationPlatforms) = postSolution
		{BDBC871E-34B6-4382-8BD2-F1B5BED8C021}.Debug|Any CPU.ActiveCfg = Debug|Any CPU
		{BDBC871E-34B6-4382-8BD2-F1B5BED8C021}.Debug|Any CPU.Build.0 = Debug|Any CPU
		{BDBC871E-34B6-4382-8BD2-F1B5BED8C021}.Release|Any CPU.ActiveCfg = Release|Any CPU
		{BDBC871E-34B6-4382-8BD2-F1B5BED8C021}.Release|Any CPU.Build.0 = Release|Any CPU
		{BDBC871E-34B6-4382-8BD2-F1B5BED8C021}.Debug|iPhoneSimulator.ActiveCfg = Debug|Any CPU
		{BDBC871E-34B6-4382-8BD2-F1B5BED8C021}.Debug|iPhoneSimulator.Build.0 = Debug|Any CPU
		{BDBC871E-34B6-4382-8BD2-F1B5BED8C021}.Release|iPhone.ActiveCfg = Release|Any CPU
		{BDBC871E-34B6-4382-8BD2-F1B5BED8C021}.Release|iPhone.Build.0 = Release|Any CPU
		{BDBC871E-34B6-4382-8BD2-F1B5BED8C021}.Release|iPhoneSimulator.ActiveCfg = Release|Any CPU
		{BDBC871E-34B6-4382-8BD2-F1B5BED8C021}.Release|iPhoneSimulator.Build.0 = Release|Any CPU
		{BDBC871E-34B6-4382-8BD2-F1B5BED8C021}.Debug|iPhone.ActiveCfg = Debug|Any CPU
		{BDBC871E-34B6-4382-8BD2-F1B5BED8C021}.Debug|iPhone.Build.0 = Debug|Any CPU
		{A3CB7EA6-CDFE-46B0-A4AE-BF76EEEC77B7}.Debug|Any CPU.ActiveCfg = Debug|iPhoneSimulator
		{A3CB7EA6-CDFE-46B0-A4AE-BF76EEEC77B7}.Debug|Any CPU.Build.0 = Debug|iPhoneSimulator
		{A3CB7EA6-CDFE-46B0-A4AE-BF76EEEC77B7}.Release|Any CPU.ActiveCfg = Release|iPhone
		{A3CB7EA6-CDFE-46B0-A4AE-BF76EEEC77B7}.Release|Any CPU.Build.0 = Release|iPhone
		{A3CB7EA6-CDFE-46B0-A4AE-BF76EEEC77B7}.Debug|iPhoneSimulator.ActiveCfg = Debug|iPhoneSimulator
		{A3CB7EA6-CDFE-46B0-A4AE-BF76EEEC77B7}.Debug|iPhoneSimulator.Build.0 = Debug|iPhoneSimulator
		{A3CB7EA6-CDFE-46B0-A4AE-BF76EEEC77B7}.Release|iPhone.ActiveCfg = Release|iPhone
		{A3CB7EA6-CDFE-46B0-A4AE-BF76EEEC77B7}.Release|iPhone.Build.0 = Release|iPhone
		{A3CB7EA6-CDFE-46B0-A4AE-BF76EEEC77B7}.Release|iPhoneSimulator.ActiveCfg = Release|iPhoneSimulator
		{A3CB7EA6-CDFE-46B0-A4AE-BF76EEEC77B7}.Release|iPhoneSimulator.Build.0 = Release|iPhoneSimulator
		{A3CB7EA6-CDFE-46B0-A4AE-BF76EEEC77B7}.Debug|iPhone.ActiveCfg = Debug|iPhone
		{A3CB7EA6-CDFE-46B0-A4AE-BF76EEEC77B7}.Debug|iPhone.Build.0 = Debug|iPhone
		{01A7B048-289D-4D57-BABF-78B4FF419250}.Debug|Any CPU.ActiveCfg = Debug|Any CPU
		{01A7B048-289D-4D57-BABF-78B4FF419250}.Debug|Any CPU.Build.0 = Debug|Any CPU
		{01A7B048-289D-4D57-BABF-78B4FF419250}.Release|Any CPU.ActiveCfg = Release|Any CPU
		{01A7B048-289D-4D57-BABF-78B4FF419250}.Release|Any CPU.Build.0 = Release|Any CPU
		{01A7B048-289D-4D57-BABF-78B4FF419250}.Debug|iPhoneSimulator.ActiveCfg = Debug|Any CPU
		{01A7B048-289D-4D57-BABF-78B4FF419250}.Debug|iPhoneSimulator.Build.0 = Debug|Any CPU
		{01A7B048-289D-4D57-BABF-78B4FF419250}.Release|iPhone.ActiveCfg = Release|Any CPU
		{01A7B048-289D-4D57-BABF-78B4FF419250}.Release|iPhone.Build.0 = Release|Any CPU
		{01A7B048-289D-4D57-BABF-78B4FF419250}.Release|iPhoneSimulator.ActiveCfg = Release|Any CPU
		{01A7B048-289D-4D57-BABF-78B4FF419250}.Release|iPhoneSimulator.Build.0 = Release|Any CPU
		{01A7B048-289D-4D57-BABF-78B4FF419250}.Debug|iPhone.ActiveCfg = Debug|Any CPU
		{01A7B048-289D-4D57-BABF-78B4FF419250}.Debug|iPhone.Build.0 = Debug|Any CPU
	EndGlobalSection
EndGlobal
